
Microsoft Visual Studio Solution File, Format Version 12.00
# Visual Studio Version 16
VisualStudioVersion = 16.0.29613.14
MinimumVisualStudioVersion = 10.0.40219.1
Project("{FAE04EC0-301F-11D3-BF4B-00C04F79EFBC}") = "Simple_Converter", "Simple_Converter.csproj", "{465290FA-DD00-4EC3-8FB8-20139A43EAEC}"
EndProject
Global
	GlobalSection(SolutionConfigurationPlatforms) = preSolution
		Debug|Any CPU = Debug|Any CPU
		Release|Any CPU = Release|Any CPU
	EndGlobalSection
	GlobalSection(ProjectConfigurationPlatforms) = postSolution
		{465290FA-DD00-4EC3-8FB8-20139A43EAEC}.Debug|Any CPU.ActiveCfg = Debug|Any CPU
		{465290FA-DD00-4EC3-8FB8-20139A43EAEC}.Debug|Any CPU.Build.0 = Debug|Any CPU
		{465290FA-DD00-4EC3-8FB8-20139A43EAEC}.Release|Any CPU.ActiveCfg = Release|Any CPU
		{465290FA-DD00-4EC3-8FB8-20139A43EAEC}.Release|Any CPU.Build.0 = Release|Any CPU
	EndGlobalSection
	GlobalSection(SolutionProperties) = preSolution
		HideSolutionNode = FALSE
	EndGlobalSection
	GlobalSection(ExtensibilityGlobals) = postSolution
		SolutionGuid = {931276FB-A648-4DD8-BEF5-8E0F449C9299}
	EndGlobalSection
EndGlobal
