<?xml version="1.0" encoding="utf-8"?>
<Project ToolsVersion="4.0" xmlns="http://schemas.microsoft.com/developer/msbuild/2003">
  <ItemGroup>
    <Filter Include="Source Files">
      <UniqueIdentifier>{be23616e-cc7b-4a9e-9823-4124a741eef6}</UniqueIdentifier>
      <Extensions>cpp;c;cxx;rc;def;r;odl;idl;hpj;bat</Extensions>
    </Filter>
    <Filter Include="Header Files">
      <UniqueIdentifier>{29ed4a94-9861-4f03-b106-ff9974841d41}</UniqueIdentifier>
      <Extensions>h;hpp;hxx;hm;inl</Extensions>
    </Filter>
    <Filter Include="Resource Files">
      <UniqueIdentifier>{0cac8298-4506-4b50-8257-6df3353044fe}</UniqueIdentifier>
      <Extensions>ico;cur;bmp;dlg;rc2;rct;bin;rgs;gif;jpg;jpeg;jpe</Extensions>
    </Filter>
  </ItemGroup>
  <ItemGroup>
    <ClCompile Include="..\hooks\common1.cpp">
      <Filter>Source Files</Filter>
    </ClCompile>
    <ClCompile Include="DemoRedir.cpp">
      <Filter>Source Files</Filter>
    </ClCompile>
    <ClCompile Include="Dlg_Options.cpp">
      <Filter>Source Files</Filter>
    </ClCompile>
    <ClCompile Include="Dlg_Options_SoundRec.cpp">
      <Filter>Source Files</Filter>
    </ClCompile>
    <ClCompile Include="Dlg_OptionsCapture.cpp">
      <Filter>Source Files</Filter>
    </ClCompile>
    <ClCompile Include="Dlg_pass.cpp">
      <Filter>Source Files</Filter>
    </ClCompile>
    <ClCompile Include="Dlg_SafeLogReader.cpp">
      <Filter>Source Files</Filter>
    </ClCompile>
    <ClCompile Include="Dlg_SMTP.cpp">
      <Filter>Source Files</Filter>
    </ClCompile>
    <ClCompile Include="GifAnimation.cpp">
      <Filter>Source Files</Filter>
    </ClCompile>
    <ClCompile Include="GlobalFunction.cpp">
      <Filter>Source Files</Filter>
    </ClCompile>
    <ClCompile Include="MainWnd.cpp">
      <Filter>Source Files</Filter>
    </ClCompile>
    <ClCompile Include="MainWndDlg.cpp">
      <Filter>Source Files</Filter>
    </ClCompile>
    <ClCompile Include="Redir.cpp">
      <Filter>Source Files</Filter>
    </ClCompile>
    <ClCompile Include="Rijndael.cpp">
      <Filter>Source Files</Filter>
    </ClCompile>
    <ClCompile Include="ScreenCapture.cpp">
      <Filter>Source Files</Filter>
    </ClCompile>
    <ClCompile Include="StdAfx.cpp">
      <Filter>Source Files</Filter>
    </ClCompile>
    <ClCompile Include="stealth.cpp">
      <Filter>Source Files</Filter>
    </ClCompile>
    <ClCompile Include="USBCopy.cpp">
      <Filter>Source Files</Filter>
    </ClCompile>
    <ClCompile Include="VoiceRecorder.cpp">
      <Filter>Source Files</Filter>
    </ClCompile>
    <ClCompile Include="winimage.cpp">
      <Filter>Source Files</Filter>
    </ClCompile>
  </ItemGroup>
  <ItemGroup>
    <ClInclude Include="GlobalFunction.h">
      <Filter>Source Files</Filter>
    </ClInclude>
    <ClInclude Include="..\hooks\common1.h">
      <Filter>Header Files</Filter>
    </ClInclude>
    <ClInclude Include="Dlg_Options.h">
      <Filter>Header Files</Filter>
    </ClInclude>
    <ClInclude Include="Dlg_Options_SoundRec.h">
      <Filter>Header Files</Filter>
    </ClInclude>
    <ClInclude Include="Dlg_OptionsCapture.h">
      <Filter>Header Files</Filter>
    </ClInclude>
    <ClInclude Include="Dlg_pass.h">
      <Filter>Header Files</Filter>
    </ClInclude>
    <ClInclude Include="Dlg_SafeLogReader.h">
      <Filter>Header Files</Filter>
    </ClInclude>
    <ClInclude Include="Dlg_SMTP.h">
      <Filter>Header Files</Filter>
    </ClInclude>
    <ClInclude Include="GifAnimation.h">
      <Filter>Header Files</Filter>
    </ClInclude>
    <ClInclude Include="hashverf.h">
      <Filter>Header Files</Filter>
    </ClInclude>
    <ClInclude Include="MainWnd.h">
      <Filter>Header Files</Filter>
    </ClInclude>
    <ClInclude Include="MainWndDlg.h">
      <Filter>Header Files</Filter>
    </ClInclude>
    <ClInclude Include="Redir.h">
      <Filter>Header Files</Filter>
    </ClInclude>
    <ClInclude Include="Resource.h">
      <Filter>Header Files</Filter>
    </ClInclude>
    <ClInclude Include="ScreenCapture.h">
      <Filter>Header Files</Filter>
    </ClInclude>
    <ClInclude Include="StdAfx.h">
      <Filter>Header Files</Filter>
    </ClInclude>
    <ClInclude Include="USBCopy.h">
      <Filter>Header Files</Filter>
    </ClInclude>
    <ClInclude Include="VoiceRecorder.h">
      <Filter>Header Files</Filter>
    </ClInclude>
    <ClInclude Include="winimage.h">
      <Filter>Header Files</Filter>
    </ClInclude>
  </ItemGroup>
  <ItemGroup>
    <ResourceCompile Include="MainWnd.rc">
      <Filter>Source Files</Filter>
    </ResourceCompile>
  </ItemGroup>
  <ItemGroup>
    <Image Include="res\folder-files-16.ico">
      <Filter>Resource Files</Filter>
    </Image>
    <Image Include="res\folder-files-32.ico">
      <Filter>Resource Files</Filter>
    </Image>
    <Image Include="res\icon1.ico">
      <Filter>Resource Files</Filter>
    </Image>
    <Image Include="res\icon10.ico">
      <Filter>Resource Files</Filter>
    </Image>
    <Image Include="res\icon2.ico">
      <Filter>Resource Files</Filter>
    </Image>
    <Image Include="res\icon3.ico">
      <Filter>Resource Files</Filter>
    </Image>
    <Image Include="res\icon9.ico">
      <Filter>Resource Files</Filter>
    </Image>
    <Image Include="res\MainWnd.ico">
      <Filter>Resource Files</Filter>
    </Image>
    <Image Include="res\options-32.ico">
      <Filter>Resource Files</Filter>
    </Image>
    <Image Include="res\password.ico">
      <Filter>Resource Files</Filter>
    </Image>
    <Image Include="res\start-logs-32.ico">
      <Filter>Resource Files</Filter>
    </Image>
  </ItemGroup>
  <ItemGroup>
    <None Include="res\MainWnd.rc2">
      <Filter>Resource Files</Filter>
    </None>
  </ItemGroup>
  <ItemGroup>
    <Text Include="ReadMe.txt" />
  </ItemGroup>
</Project>