
Microsoft Visual Studio Solution File, Format Version 12.00
# Visual Studio Version 16
VisualStudioVersion = 16.0.29609.76
MinimumVisualStudioVersion = 10.0.40219.1
Project("{FAE04EC0-301F-11D3-BF4B-00C04F79EFBC}") = "Excel_SQL", "Excel_SQL.csproj", "{1F9FB881-E4BD-41C5-BB07-1A113CC579F9}"
EndProject
Global
	GlobalSection(SolutionConfigurationPlatforms) = preSolution
		Debug|Any CPU = Debug|Any CPU
		Release|Any CPU = Release|Any CPU
	EndGlobalSection
	GlobalSection(ProjectConfigurationPlatforms) = postSolution
		{1F9FB881-E4BD-41C5-BB07-1A113CC579F9}.Debug|Any CPU.ActiveCfg = Debug|Any CPU
		{1F9FB881-E4BD-41C5-BB07-1A113CC579F9}.Debug|Any CPU.Build.0 = Debug|Any CPU
		{1F9FB881-E4BD-41C5-BB07-1A113CC579F9}.Release|Any CPU.ActiveCfg = Release|Any CPU
		{1F9FB881-E4BD-41C5-BB07-1A113CC579F9}.Release|Any CPU.Build.0 = Release|Any CPU
	EndGlobalSection
	GlobalSection(SolutionProperties) = preSolution
		HideSolutionNode = FALSE
	EndGlobalSection
	GlobalSection(ExtensibilityGlobals) = postSolution
		SolutionGuid = {D4C77A5F-2266-44BB-98E2-9C74020FC78A}
	EndGlobalSection
EndGlobal
